
Microsoft Visual Studio Solution File, Format Version 12.00
# Visual Studio 15
VisualStudioVersion = 15.0.26403.7
MinimumVisualStudioVersion = 10.0.40219.1
Project("{FAE04EC0-301F-11D3-BF4B-00C04F79EFBC}") = "Signum", "Signum\Signum.csproj", "{2FA30976-D4F2-4848-A709-115D2375779C}"
EndProject
Project("{FAE04EC0-301F-11D3-BF4B-00C04F79EFBC}") = "ModelManaging", "ModelManaging\ModelManaging.csproj", "{82FD84F3-DD89-47A6-A25E-1E485FF56DD4}"
EndProject
Global
	GlobalSection(SolutionConfigurationPlatforms) = preSolution
		Debug|Any CPU = Debug|Any CPU
		Release|Any CPU = Release|Any CPU
	EndGlobalSection
	GlobalSection(ProjectConfigurationPlatforms) = postSolution
		{2FA30976-D4F2-4848-A709-115D2375779C}.Debug|Any CPU.ActiveCfg = Debug|Any CPU
		{2FA30976-D4F2-4848-A709-115D2375779C}.Debug|Any CPU.Build.0 = Debug|Any CPU
		{2FA30976-D4F2-4848-A709-115D2375779C}.Release|Any CPU.ActiveCfg = Release|Any CPU
		{2FA30976-D4F2-4848-A709-115D2375779C}.Release|Any CPU.Build.0 = Release|Any CPU
		{82FD84F3-DD89-47A6-A25E-1E485FF56DD4}.Debug|Any CPU.ActiveCfg = Debug|Any CPU
		{82FD84F3-DD89-47A6-A25E-1E485FF56DD4}.Debug|Any CPU.Build.0 = Debug|Any CPU
		{82FD84F3-DD89-47A6-A25E-1E485FF56DD4}.Release|Any CPU.ActiveCfg = Release|Any CPU
		{82FD84F3-DD89-47A6-A25E-1E485FF56DD4}.Release|Any CPU.Build.0 = Release|Any CPU
	EndGlobalSection
	GlobalSection(SolutionProperties) = preSolution
		HideSolutionNode = FALSE
	EndGlobalSection
EndGlobal
